// !$*UTF8*$!
{
	archiveVersion = 1;
	classes = {
	};
	objectVersion = 48;
	objects = {

/* Begin PBXBuildFile section */
		B71A7DFD1FEBF7FB0050E834 /* iOSModulesTests.m in Sources */ = {isa = PBXBuildFile; fileRef = B71A7DFC1FEBF7FB0050E834 /* iOSModulesTests.m */; };
		B71A7E081FEBF7FB0050E834 /* iOSModulesUITests.m in Sources */ = {isa = PBXBuildFile; fileRef = B71A7E071FEBF7FB0050E834 /* iOSModulesUITests.m */; };
		B71A7E211FEBF85C0050E834 /* Assets.xcassets in Resources */ = {isa = PBXBuildFile; fileRef = B71A7E171FEBF85C0050E834 /* Assets.xcassets */; };
		B71A7E221FEBF85C0050E834 /* LaunchScreen.storyboard in Resources */ = {isa = PBXBuildFile; fileRef = B71A7E181FEBF85C0050E834 /* LaunchScreen.storyboard */; };
		B71A7E231FEBF85C0050E834 /* Main.storyboard in Resources */ = {isa = PBXBuildFile; fileRef = B71A7E1A1FEBF85C0050E834 /* Main.storyboard */; };
		B71A7E241FEBF85C0050E834 /* main.m in Sources */ = {isa = PBXBuildFile; fileRef = B71A7E1C1FEBF85C0050E834 /* main.m */; };
		B71A7E251FEBF85C0050E834 /* AppDelegate.m in Sources */ = {isa = PBXBuildFile; fileRef = B71A7E1D1FEBF85C0050E834 /* AppDelegate.m */; };
		B71A7E261FEBF85C0050E834 /* Info.plist in Resources */ = {isa = PBXBuildFile; fileRef = B71A7E1E1FEBF85C0050E834 /* Info.plist */; };
		B71A7E271FEBF85C0050E834 /* iOSModules.xcdatamodeld in Sources */ = {isa = PBXBuildFile; fileRef = B71A7E1F1FEBF85C0050E834 /* iOSModules.xcdatamodeld */; };
		B728F9071FFFBA6E007B903B /* IMPhoto.m in Sources */ = {isa = PBXBuildFile; fileRef = B728F9061FFFBA6E007B903B /* IMPhoto.m */; };
		B7381DC01FED4E31008F7F7A /* IMHomeViewController.m in Sources */ = {isa = PBXBuildFile; fileRef = B7381DBF1FED4E31008F7F7A /* IMHomeViewController.m */; };
		B7381DC51FED501D008F7F7A /* IMPlistFileManager.m in Sources */ = {isa = PBXBuildFile; fileRef = B7381DC41FED501D008F7F7A /* IMPlistFileManager.m */; };
		B7381DD11FEE995E008F7F7A /* IMModuleItemTableViewCell.m in Sources */ = {isa = PBXBuildFile; fileRef = B7381DCF1FEE995E008F7F7A /* IMModuleItemTableViewCell.m */; };
		B7381DD21FEE995E008F7F7A /* IMModuleItemTableViewCell.xib in Resources */ = {isa = PBXBuildFile; fileRef = B7381DD01FEE995E008F7F7A /* IMModuleItemTableViewCell.xib */; };
		B786C72E1FF6A0020017AA6C /* IMPhotoBrowseViewController.m in Sources */ = {isa = PBXBuildFile; fileRef = B786C72D1FF6A0020017AA6C /* IMPhotoBrowseViewController.m */; };
		B786C7311FF6AC7C0017AA6C /* UIImage+TranslucenceImage.m in Sources */ = {isa = PBXBuildFile; fileRef = B786C7301FF6AC7C0017AA6C /* UIImage+TranslucenceImage.m */; };
		B786C7351FF769640017AA6C /* IMPhotoCollectionViewCell.m in Sources */ = {isa = PBXBuildFile; fileRef = B786C7331FF769640017AA6C /* IMPhotoCollectionViewCell.m */; };
		B786C7361FF769640017AA6C /* IMPhotoCollectionViewCell.xib in Resources */ = {isa = PBXBuildFile; fileRef = B786C7341FF769640017AA6C /* IMPhotoCollectionViewCell.xib */; };
		B786C7391FF7CEAC0017AA6C /* IMPhotosPreviewViewController.m in Sources */ = {isa = PBXBuildFile; fileRef = B786C7381FF7CEAC0017AA6C /* IMPhotosPreviewViewController.m */; };
		B78720651FF5223F0005928C /* IMBaseViewController.m in Sources */ = {isa = PBXBuildFile; fileRef = B78720641FF5223F0005928C /* IMBaseViewController.m */; };
		B787206B1FF525D00005928C /* IMPhotoPickerInitialViewController.m in Sources */ = {isa = PBXBuildFile; fileRef = B78720691FF525D00005928C /* IMPhotoPickerInitialViewController.m */; };
		B787206F1FF52F6F0005928C /* UIView+AddRoundBorder.m in Sources */ = {isa = PBXBuildFile; fileRef = B787206E1FF52F6F0005928C /* UIView+AddRoundBorder.m */; };
		B78720CE1FF631EB0005928C /* IMPhotosManager.m in Sources */ = {isa = PBXBuildFile; fileRef = B78720CD1FF631EB0005928C /* IMPhotosManager.m */; };
		B78720D41FF63FD70005928C /* IMPhotoAlbumsViewController.m in Sources */ = {isa = PBXBuildFile; fileRef = B78720D31FF63FD70005928C /* IMPhotoAlbumsViewController.m */; };
		B78720D81FF64A8F0005928C /* IMPhotoAlbumItemTableViewCell.m in Sources */ = {isa = PBXBuildFile; fileRef = B78720D61FF64A8F0005928C /* IMPhotoAlbumItemTableViewCell.m */; };
		B78720D91FF64A8F0005928C /* IMPhotoAlbumItemTableViewCell.xib in Resources */ = {isa = PBXBuildFile; fileRef = B78720D71FF64A8F0005928C /* IMPhotoAlbumItemTableViewCell.xib */; };
		B7B2666D1FF131CA00EDF3C4 /* IMModuleItemModel.m in Sources */ = {isa = PBXBuildFile; fileRef = B7B2666C1FF131CA00EDF3C4 /* IMModuleItemModel.m */; };
		B7B266701FF1326300EDF3C4 /* IMModules.plist in Resources */ = {isa = PBXBuildFile; fileRef = B7B2666F1FF1326300EDF3C4 /* IMModules.plist */; };
		B7B266E21FF3D75E00EDF3C4 /* NSArray+LoadFromPList.m in Sources */ = {isa = PBXBuildFile; fileRef = B7B266E11FF3D75E00EDF3C4 /* NSArray+LoadFromPList.m */; };
		B7B266E71FF3DA7000EDF3C4 /* IMConstantFile.m in Sources */ = {isa = PBXBuildFile; fileRef = B7B266E61FF3DA7000EDF3C4 /* IMConstantFile.m */; };
		B7B266EE1FF3E5A400EDF3C4 /* UIImage+RoundCorner.m in Sources */ = {isa = PBXBuildFile; fileRef = B7B266ED1FF3E5A400EDF3C4 /* UIImage+RoundCorner.m */; };
/* End PBXBuildFile section */

/* Begin PBXContainerItemProxy section */
		B71A7DF91FEBF7FB0050E834 /* PBXContainerItemProxy */ = {
			isa = PBXContainerItemProxy;
			containerPortal = B71A7DD51FEBF7FB0050E834 /* Project object */;
			proxyType = 1;
			remoteGlobalIDString = B71A7DDC1FEBF7FB0050E834;
			remoteInfo = iOSModules;
		};
		B71A7E041FEBF7FB0050E834 /* PBXContainerItemProxy */ = {
			isa = PBXContainerItemProxy;
			containerPortal = B71A7DD51FEBF7FB0050E834 /* Project object */;
			proxyType = 1;
			remoteGlobalIDString = B71A7DDC1FEBF7FB0050E834;
			remoteInfo = iOSModules;
		};
/* End PBXContainerItemProxy section */

/* Begin PBXFileReference section */
		B71A7DDD1FEBF7FB0050E834 /* iOSModules.app */ = {isa = PBXFileReference; explicitFileType = wrapper.application; includeInIndex = 0; path = iOSModules.app; sourceTree = BUILT_PRODUCTS_DIR; };
		B71A7DF81FEBF7FB0050E834 /* iOSModulesTests.xctest */ = {isa = PBXFileReference; explicitFileType = wrapper.cfbundle; includeInIndex = 0; path = iOSModulesTests.xctest; sourceTree = BUILT_PRODUCTS_DIR; };
		B71A7DFC1FEBF7FB0050E834 /* iOSModulesTests.m */ = {isa = PBXFileReference; lastKnownFileType = sourcecode.c.objc; path = iOSModulesTests.m; sourceTree = "<group>"; };
		B71A7DFE1FEBF7FB0050E834 /* Info.plist */ = {isa = PBXFileReference; lastKnownFileType = text.plist.xml; path = Info.plist; sourceTree = "<group>"; };
		B71A7E031FEBF7FB0050E834 /* iOSModulesUITests.xctest */ = {isa = PBXFileReference; explicitFileType = wrapper.cfbundle; includeInIndex = 0; path = iOSModulesUITests.xctest; sourceTree = BUILT_PRODUCTS_DIR; };
		B71A7E071FEBF7FB0050E834 /* iOSModulesUITests.m */ = {isa = PBXFileReference; lastKnownFileType = sourcecode.c.objc; path = iOSModulesUITests.m; sourceTree = "<group>"; };
		B71A7E091FEBF7FB0050E834 /* Info.plist */ = {isa = PBXFileReference; lastKnownFileType = text.plist.xml; path = Info.plist; sourceTree = "<group>"; };
		B71A7E161FEBF85C0050E834 /* AppDelegate.h */ = {isa = PBXFileReference; fileEncoding = 4; lastKnownFileType = sourcecode.c.h; path = AppDelegate.h; sourceTree = "<group>"; };
		B71A7E171FEBF85C0050E834 /* Assets.xcassets */ = {isa = PBXFileReference; lastKnownFileType = folder.assetcatalog; path = Assets.xcassets; sourceTree = "<group>"; };
		B71A7E191FEBF85C0050E834 /* Base */ = {isa = PBXFileReference; lastKnownFileType = file.storyboard; name = Base; path = Base.lproj/LaunchScreen.storyboard; sourceTree = "<group>"; };
		B71A7E1B1FEBF85C0050E834 /* Base */ = {isa = PBXFileReference; lastKnownFileType = file.storyboard; name = Base; path = Base.lproj/Main.storyboard; sourceTree = "<group>"; };
		B71A7E1C1FEBF85C0050E834 /* main.m */ = {isa = PBXFileReference; fileEncoding = 4; lastKnownFileType = sourcecode.c.objc; path = main.m; sourceTree = "<group>"; };
		B71A7E1D1FEBF85C0050E834 /* AppDelegate.m */ = {isa = PBXFileReference; fileEncoding = 4; lastKnownFileType = sourcecode.c.objc; path = AppDelegate.m; sourceTree = "<group>"; };
		B71A7E1E1FEBF85C0050E834 /* Info.plist */ = {isa = PBXFileReference; fileEncoding = 4; lastKnownFileType = text.plist.xml; path = Info.plist; sourceTree = "<group>"; };
		B71A7E201FEBF85C0050E834 /* iOSModules.xcdatamodel */ = {isa = PBXFileReference; lastKnownFileType = wrapper.xcdatamodel; path = iOSModules.xcdatamodel; sourceTree = "<group>"; };
		B728F9051FFFBA6E007B903B /* IMPhoto.h */ = {isa = PBXFileReference; lastKnownFileType = sourcecode.c.h; path = IMPhoto.h; sourceTree = "<group>"; };
		B728F9061FFFBA6E007B903B /* IMPhoto.m */ = {isa = PBXFileReference; lastKnownFileType = sourcecode.c.objc; path = IMPhoto.m; sourceTree = "<group>"; };
		B728F9081FFFBD23007B903B /* IMPhotoProtocol.h */ = {isa = PBXFileReference; lastKnownFileType = sourcecode.c.h; path = IMPhotoProtocol.h; sourceTree = "<group>"; };
		B7381DBE1FED4E31008F7F7A /* IMHomeViewController.h */ = {isa = PBXFileReference; lastKnownFileType = sourcecode.c.h; path = IMHomeViewController.h; sourceTree = "<group>"; };
		B7381DBF1FED4E31008F7F7A /* IMHomeViewController.m */ = {isa = PBXFileReference; lastKnownFileType = sourcecode.c.objc; path = IMHomeViewController.m; sourceTree = "<group>"; };
		B7381DC31FED501D008F7F7A /* IMPlistFileManager.h */ = {isa = PBXFileReference; lastKnownFileType = sourcecode.c.h; path = IMPlistFileManager.h; sourceTree = "<group>"; };
		B7381DC41FED501D008F7F7A /* IMPlistFileManager.m */ = {isa = PBXFileReference; lastKnownFileType = sourcecode.c.objc; path = IMPlistFileManager.m; sourceTree = "<group>"; };
		B7381DCE1FEE995E008F7F7A /* IMModuleItemTableViewCell.h */ = {isa = PBXFileReference; lastKnownFileType = sourcecode.c.h; path = IMModuleItemTableViewCell.h; sourceTree = "<group>"; };
		B7381DCF1FEE995E008F7F7A /* IMModuleItemTableViewCell.m */ = {isa = PBXFileReference; lastKnownFileType = sourcecode.c.objc; path = IMModuleItemTableViewCell.m; sourceTree = "<group>"; };
		B7381DD01FEE995E008F7F7A /* IMModuleItemTableViewCell.xib */ = {isa = PBXFileReference; lastKnownFileType = file.xib; path = IMModuleItemTableViewCell.xib; sourceTree = "<group>"; };
		B786C72C1FF6A0020017AA6C /* IMPhotoBrowseViewController.h */ = {isa = PBXFileReference; lastKnownFileType = sourcecode.c.h; path = IMPhotoBrowseViewController.h; sourceTree = "<group>"; };
		B786C72D1FF6A0020017AA6C /* IMPhotoBrowseViewController.m */ = {isa = PBXFileReference; lastKnownFileType = sourcecode.c.objc; path = IMPhotoBrowseViewController.m; sourceTree = "<group>"; };
		B786C72F1FF6AC7C0017AA6C /* UIImage+TranslucenceImage.h */ = {isa = PBXFileReference; lastKnownFileType = sourcecode.c.h; path = "UIImage+TranslucenceImage.h"; sourceTree = "<group>"; };
		B786C7301FF6AC7C0017AA6C /* UIImage+TranslucenceImage.m */ = {isa = PBXFileReference; lastKnownFileType = sourcecode.c.objc; path = "UIImage+TranslucenceImage.m"; sourceTree = "<group>"; };
		B786C7321FF769640017AA6C /* IMPhotoCollectionViewCell.h */ = {isa = PBXFileReference; lastKnownFileType = sourcecode.c.h; path = IMPhotoCollectionViewCell.h; sourceTree = "<group>"; };
		B786C7331FF769640017AA6C /* IMPhotoCollectionViewCell.m */ = {isa = PBXFileReference; lastKnownFileType = sourcecode.c.objc; path = IMPhotoCollectionViewCell.m; sourceTree = "<group>"; };
		B786C7341FF769640017AA6C /* IMPhotoCollectionViewCell.xib */ = {isa = PBXFileReference; lastKnownFileType = file.xib; path = IMPhotoCollectionViewCell.xib; sourceTree = "<group>"; };
		B786C7371FF7CEAC0017AA6C /* IMPhotosPreviewViewController.h */ = {isa = PBXFileReference; lastKnownFileType = sourcecode.c.h; path = IMPhotosPreviewViewController.h; sourceTree = "<group>"; };
		B786C7381FF7CEAC0017AA6C /* IMPhotosPreviewViewController.m */ = {isa = PBXFileReference; lastKnownFileType = sourcecode.c.objc; path = IMPhotosPreviewViewController.m; sourceTree = "<group>"; };
		B78720631FF5223F0005928C /* IMBaseViewController.h */ = {isa = PBXFileReference; lastKnownFileType = sourcecode.c.h; path = IMBaseViewController.h; sourceTree = "<group>"; };
		B78720641FF5223F0005928C /* IMBaseViewController.m */ = {isa = PBXFileReference; lastKnownFileType = sourcecode.c.objc; path = IMBaseViewController.m; sourceTree = "<group>"; };
		B78720681FF525D00005928C /* IMPhotoPickerInitialViewController.h */ = {isa = PBXFileReference; lastKnownFileType = sourcecode.c.h; path = IMPhotoPickerInitialViewController.h; sourceTree = "<group>"; };
		B78720691FF525D00005928C /* IMPhotoPickerInitialViewController.m */ = {isa = PBXFileReference; lastKnownFileType = sourcecode.c.objc; path = IMPhotoPickerInitialViewController.m; sourceTree = "<group>"; };
		B787206D1FF52F6F0005928C /* UIView+AddRoundBorder.h */ = {isa = PBXFileReference; lastKnownFileType = sourcecode.c.h; path = "UIView+AddRoundBorder.h"; sourceTree = "<group>"; };
		B787206E1FF52F6F0005928C /* UIView+AddRoundBorder.m */ = {isa = PBXFileReference; lastKnownFileType = sourcecode.c.objc; path = "UIView+AddRoundBorder.m"; sourceTree = "<group>"; };
		B78720701FF538680005928C /* IMMacroTool.h */ = {isa = PBXFileReference; lastKnownFileType = sourcecode.c.h; path = IMMacroTool.h; sourceTree = "<group>"; };
		B78720731FF53AFB0005928C /* IMModules-PrefixHeader.pch */ = {isa = PBXFileReference; lastKnownFileType = sourcecode.c.h; path = "IMModules-PrefixHeader.pch"; sourceTree = "<group>"; };
		B78720CC1FF631EB0005928C /* IMPhotosManager.h */ = {isa = PBXFileReference; lastKnownFileType = sourcecode.c.h; path = IMPhotosManager.h; sourceTree = "<group>"; };
		B78720CD1FF631EB0005928C /* IMPhotosManager.m */ = {isa = PBXFileReference; lastKnownFileType = sourcecode.c.objc; path = IMPhotosManager.m; sourceTree = "<group>"; };
		B78720D21FF63FD70005928C /* IMPhotoAlbumsViewController.h */ = {isa = PBXFileReference; lastKnownFileType = sourcecode.c.h; path = IMPhotoAlbumsViewController.h; sourceTree = "<group>"; };
		B78720D31FF63FD70005928C /* IMPhotoAlbumsViewController.m */ = {isa = PBXFileReference; lastKnownFileType = sourcecode.c.objc; path = IMPhotoAlbumsViewController.m; sourceTree = "<group>"; };
		B78720D51FF64A8F0005928C /* IMPhotoAlbumItemTableViewCell.h */ = {isa = PBXFileReference; lastKnownFileType = sourcecode.c.h; path = IMPhotoAlbumItemTableViewCell.h; sourceTree = "<group>"; };
		B78720D61FF64A8F0005928C /* IMPhotoAlbumItemTableViewCell.m */ = {isa = PBXFileReference; lastKnownFileType = sourcecode.c.objc; path = IMPhotoAlbumItemTableViewCell.m; sourceTree = "<group>"; };
		B78720D71FF64A8F0005928C /* IMPhotoAlbumItemTableViewCell.xib */ = {isa = PBXFileReference; lastKnownFileType = file.xib; path = IMPhotoAlbumItemTableViewCell.xib; sourceTree = "<group>"; };
		B7B2666B1FF131CA00EDF3C4 /* IMModuleItemModel.h */ = {isa = PBXFileReference; lastKnownFileType = sourcecode.c.h; path = IMModuleItemModel.h; sourceTree = "<group>"; };
		B7B2666C1FF131CA00EDF3C4 /* IMModuleItemModel.m */ = {isa = PBXFileReference; lastKnownFileType = sourcecode.c.objc; path = IMModuleItemModel.m; sourceTree = "<group>"; };
		B7B2666F1FF1326300EDF3C4 /* IMModules.plist */ = {isa = PBXFileReference; lastKnownFileType = text.plist.xml; path = IMModules.plist; sourceTree = "<group>"; };
		B7B266DC1FF3D62F00EDF3C4 /* ModulesHeader.h */ = {isa = PBXFileReference; lastKnownFileType = sourcecode.c.h; path = ModulesHeader.h; sourceTree = "<group>"; };
		B7B266E01FF3D75E00EDF3C4 /* NSArray+LoadFromPList.h */ = {isa = PBXFileReference; lastKnownFileType = sourcecode.c.h; path = "NSArray+LoadFromPList.h"; sourceTree = "<group>"; };
		B7B266E11FF3D75E00EDF3C4 /* NSArray+LoadFromPList.m */ = {isa = PBXFileReference; lastKnownFileType = sourcecode.c.objc; path = "NSArray+LoadFromPList.m"; sourceTree = "<group>"; };
		B7B266E51FF3DA7000EDF3C4 /* IMConstantFile.h */ = {isa = PBXFileReference; lastKnownFileType = sourcecode.c.h; path = IMConstantFile.h; sourceTree = "<group>"; };
		B7B266E61FF3DA7000EDF3C4 /* IMConstantFile.m */ = {isa = PBXFileReference; lastKnownFileType = sourcecode.c.objc; path = IMConstantFile.m; sourceTree = "<group>"; };
		B7B266EC1FF3E5A400EDF3C4 /* UIImage+RoundCorner.h */ = {isa = PBXFileReference; lastKnownFileType = sourcecode.c.h; path = "UIImage+RoundCorner.h"; sourceTree = "<group>"; };
		B7B266ED1FF3E5A400EDF3C4 /* UIImage+RoundCorner.m */ = {isa = PBXFileReference; lastKnownFileType = sourcecode.c.objc; path = "UIImage+RoundCorner.m"; sourceTree = "<group>"; };
/* End PBXFileReference section */

/* Begin PBXFrameworksBuildPhase section */
		B71A7DDA1FEBF7FB0050E834 /* Frameworks */ = {
			isa = PBXFrameworksBuildPhase;
			buildActionMask = 2147483647;
			files = (
			);
			runOnlyForDeploymentPostprocessing = 0;
		};
		B71A7DF51FEBF7FB0050E834 /* Frameworks */ = {
			isa = PBXFrameworksBuildPhase;
			buildActionMask = 2147483647;
			files = (
			);
			runOnlyForDeploymentPostprocessing = 0;
		};
		B71A7E001FEBF7FB0050E834 /* Frameworks */ = {
			isa = PBXFrameworksBuildPhase;
			buildActionMask = 2147483647;
			files = (
			);
			runOnlyForDeploymentPostprocessing = 0;
		};
/* End PBXFrameworksBuildPhase section */

/* Begin PBXGroup section */
		B71A7DD41FEBF7FB0050E834 = {
			isa = PBXGroup;
			children = (
				B71A7DDF1FEBF7FB0050E834 /* iOSModules */,
				B71A7DFB1FEBF7FB0050E834 /* iOSModulesTests */,
				B71A7E061FEBF7FB0050E834 /* iOSModulesUITests */,
				B71A7DDE1FEBF7FB0050E834 /* Products */,
			);
			sourceTree = "<group>";
		};
		B71A7DDE1FEBF7FB0050E834 /* Products */ = {
			isa = PBXGroup;
			children = (
				B71A7DDD1FEBF7FB0050E834 /* iOSModules.app */,
				B71A7DF81FEBF7FB0050E834 /* iOSModulesTests.xctest */,
				B71A7E031FEBF7FB0050E834 /* iOSModulesUITests.xctest */,
			);
			name = Products;
			sourceTree = "<group>";
		};
		B71A7DDF1FEBF7FB0050E834 /* iOSModules */ = {
			isa = PBXGroup;
			children = (
				B7B266D31FF3B25700EDF3C4 /* Modules */,
				B7381DBA1FED4D6E008F7F7A /* HomePage */,
				B7381DC11FED4FE6008F7F7A /* Tools */,
				B71A7E151FEBF85C0050E834 /* DefaultFiles */,
			);
			path = iOSModules;
			sourceTree = "<group>";
		};
		B71A7DFB1FEBF7FB0050E834 /* iOSModulesTests */ = {
			isa = PBXGroup;
			children = (
				B71A7DFC1FEBF7FB0050E834 /* iOSModulesTests.m */,
				B71A7DFE1FEBF7FB0050E834 /* Info.plist */,
			);
			path = iOSModulesTests;
			sourceTree = "<group>";
		};
		B71A7E061FEBF7FB0050E834 /* iOSModulesUITests */ = {
			isa = PBXGroup;
			children = (
				B71A7E071FEBF7FB0050E834 /* iOSModulesUITests.m */,
				B71A7E091FEBF7FB0050E834 /* Info.plist */,
			);
			path = iOSModulesUITests;
			sourceTree = "<group>";
		};
		B71A7E151FEBF85C0050E834 /* DefaultFiles */ = {
			isa = PBXGroup;
			children = (
				B71A7E161FEBF85C0050E834 /* AppDelegate.h */,
				B71A7E1D1FEBF85C0050E834 /* AppDelegate.m */,
				B71A7E171FEBF85C0050E834 /* Assets.xcassets */,
				B71A7E181FEBF85C0050E834 /* LaunchScreen.storyboard */,
				B71A7E1A1FEBF85C0050E834 /* Main.storyboard */,
				B71A7E1C1FEBF85C0050E834 /* main.m */,
				B71A7E1E1FEBF85C0050E834 /* Info.plist */,
				B71A7E1F1FEBF85C0050E834 /* iOSModules.xcdatamodeld */,
			);
			path = DefaultFiles;
			sourceTree = "<group>";
		};
		B7381DBA1FED4D6E008F7F7A /* HomePage */ = {
			isa = PBXGroup;
			children = (
				B7B2666E1FF1324400EDF3C4 /* Resources */,
				B7381DBC1FED4DB0008F7F7A /* Controllers */,
				B7381DBB1FED4DB0008F7F7A /* Models */,
				B7381DBD1FED4DB0008F7F7A /* Views */,
			);
			path = HomePage;
			sourceTree = "<group>";
		};
		B7381DBB1FED4DB0008F7F7A /* Models */ = {
			isa = PBXGroup;
			children = (
				B7B2666B1FF131CA00EDF3C4 /* IMModuleItemModel.h */,
				B7B2666C1FF131CA00EDF3C4 /* IMModuleItemModel.m */,
				B7B266E01FF3D75E00EDF3C4 /* NSArray+LoadFromPList.h */,
				B7B266E11FF3D75E00EDF3C4 /* NSArray+LoadFromPList.m */,
				B7B266EC1FF3E5A400EDF3C4 /* UIImage+RoundCorner.h */,
				B7B266ED1FF3E5A400EDF3C4 /* UIImage+RoundCorner.m */,
			);
			path = Models;
			sourceTree = "<group>";
		};
		B7381DBC1FED4DB0008F7F7A /* Controllers */ = {
			isa = PBXGroup;
			children = (
				B7381DBE1FED4E31008F7F7A /* IMHomeViewController.h */,
				B7381DBF1FED4E31008F7F7A /* IMHomeViewController.m */,
			);
			path = Controllers;
			sourceTree = "<group>";
		};
		B7381DBD1FED4DB0008F7F7A /* Views */ = {
			isa = PBXGroup;
			children = (
				B7381DCE1FEE995E008F7F7A /* IMModuleItemTableViewCell.h */,
				B7381DCF1FEE995E008F7F7A /* IMModuleItemTableViewCell.m */,
				B7381DD01FEE995E008F7F7A /* IMModuleItemTableViewCell.xib */,
			);
			path = Views;
			sourceTree = "<group>";
		};
		B7381DC11FED4FE6008F7F7A /* Tools */ = {
			isa = PBXGroup;
			children = (
				B7381DC21FED4FE6008F7F7A /* PLISTManager */,
			);
			path = Tools;
			sourceTree = "<group>";
		};
		B7381DC21FED4FE6008F7F7A /* PLISTManager */ = {
			isa = PBXGroup;
			children = (
				B7381DC31FED501D008F7F7A /* IMPlistFileManager.h */,
				B7381DC41FED501D008F7F7A /* IMPlistFileManager.m */,
			);
			path = PLISTManager;
			sourceTree = "<group>";
		};
		B7B2666E1FF1324400EDF3C4 /* Resources */ = {
			isa = PBXGroup;
			children = (
				B7B2666F1FF1326300EDF3C4 /* IMModules.plist */,
			);
			name = Resources;
			path = iOSModules/Resources;
			sourceTree = SOURCE_ROOT;
		};
		B7B266D31FF3B25700EDF3C4 /* Modules */ = {
			isa = PBXGroup;
			children = (
				B7B266E51FF3DA7000EDF3C4 /* IMConstantFile.h */,
				B7B266E61FF3DA7000EDF3C4 /* IMConstantFile.m */,
				B7B266DC1FF3D62F00EDF3C4 /* ModulesHeader.h */,
				B78720701FF538680005928C /* IMMacroTool.h */,
				B78720631FF5223F0005928C /* IMBaseViewController.h */,
				B78720641FF5223F0005928C /* IMBaseViewController.m */,
				B7B266DA1FF3D5E700EDF3C4 /* IMTableViewCellAnimation */,
				B7B266D61FF3B2A300EDF3C4 /* IMImagePicker */,
				B78720731FF53AFB0005928C /* IMModules-PrefixHeader.pch */,
			);
			path = Modules;
			sourceTree = "<group>";
		};
		B7B266D61FF3B2A300EDF3C4 /* IMImagePicker */ = {
			isa = PBXGroup;
			children = (
				B7B266D91FF3B2D800EDF3C4 /* Models */,
				B7B266D81FF3B2D100EDF3C4 /* Views */,
				B7B266D71FF3B2C700EDF3C4 /* Controllers */,
			);
			path = IMImagePicker;
			sourceTree = "<group>";
		};
		B7B266D71FF3B2C700EDF3C4 /* Controllers */ = {
			isa = PBXGroup;
			children = (
				B78720681FF525D00005928C /* IMPhotoPickerInitialViewController.h */,
				B78720691FF525D00005928C /* IMPhotoPickerInitialViewController.m */,
				B78720D21FF63FD70005928C /* IMPhotoAlbumsViewController.h */,
				B78720D31FF63FD70005928C /* IMPhotoAlbumsViewController.m */,
				B786C72C1FF6A0020017AA6C /* IMPhotoBrowseViewController.h */,
				B786C72D1FF6A0020017AA6C /* IMPhotoBrowseViewController.m */,
				B786C7371FF7CEAC0017AA6C /* IMPhotosPreviewViewController.h */,
				B786C7381FF7CEAC0017AA6C /* IMPhotosPreviewViewController.m */,
			);
			path = Controllers;
			sourceTree = "<group>";
		};
		B7B266D81FF3B2D100EDF3C4 /* Views */ = {
			isa = PBXGroup;
			children = (
				B78720D51FF64A8F0005928C /* IMPhotoAlbumItemTableViewCell.h */,
				B78720D61FF64A8F0005928C /* IMPhotoAlbumItemTableViewCell.m */,
				B78720D71FF64A8F0005928C /* IMPhotoAlbumItemTableViewCell.xib */,
				B786C7321FF769640017AA6C /* IMPhotoCollectionViewCell.h */,
				B786C7331FF769640017AA6C /* IMPhotoCollectionViewCell.m */,
				B786C7341FF769640017AA6C /* IMPhotoCollectionViewCell.xib */,
			);
			path = Views;
			sourceTree = "<group>";
		};
		B7B266D91FF3B2D800EDF3C4 /* Models */ = {
			isa = PBXGroup;
			children = (
				B787206D1FF52F6F0005928C /* UIView+AddRoundBorder.h */,
				B787206E1FF52F6F0005928C /* UIView+AddRoundBorder.m */,
				B78720CC1FF631EB0005928C /* IMPhotosManager.h */,
				B78720CD1FF631EB0005928C /* IMPhotosManager.m */,
				B786C72F1FF6AC7C0017AA6C /* UIImage+TranslucenceImage.h */,
				B786C7301FF6AC7C0017AA6C /* UIImage+TranslucenceImage.m */,
				B728F9051FFFBA6E007B903B /* IMPhoto.h */,
				B728F9061FFFBA6E007B903B /* IMPhoto.m */,
				B728F9081FFFBD23007B903B /* IMPhotoProtocol.h */,
			);
			path = Models;
			sourceTree = "<group>";
		};
		B7B266DA1FF3D5E700EDF3C4 /* IMTableViewCellAnimation */ = {
			isa = PBXGroup;
			children = (
				B7B266DB1FF3D5FD00EDF3C4 /* Controllers */,
			);
			path = IMTableViewCellAnimation;
			sourceTree = "<group>";
		};
		B7B266DB1FF3D5FD00EDF3C4 /* Controllers */ = {
			isa = PBXGroup;
			children = (
			);
			path = Controllers;
			sourceTree = "<group>";
		};
/* End PBXGroup section */

/* Begin PBXNativeTarget section */
		B71A7DDC1FEBF7FB0050E834 /* iOSModules */ = {
			isa = PBXNativeTarget;
			buildConfigurationList = B71A7E0C1FEBF7FB0050E834 /* Build configuration list for PBXNativeTarget "iOSModules" */;
			buildPhases = (
				B71A7DD91FEBF7FB0050E834 /* Sources */,
				B71A7DDA1FEBF7FB0050E834 /* Frameworks */,
				B71A7DDB1FEBF7FB0050E834 /* Resources */,
			);
			buildRules = (
			);
			dependencies = (
			);
			name = iOSModules;
			productName = iOSModules;
			productReference = B71A7DDD1FEBF7FB0050E834 /* iOSModules.app */;
			productType = "com.apple.product-type.application";
		};
		B71A7DF71FEBF7FB0050E834 /* iOSModulesTests */ = {
			isa = PBXNativeTarget;
			buildConfigurationList = B71A7E0F1FEBF7FB0050E834 /* Build configuration list for PBXNativeTarget "iOSModulesTests" */;
			buildPhases = (
				B71A7DF41FEBF7FB0050E834 /* Sources */,
				B71A7DF51FEBF7FB0050E834 /* Frameworks */,
				B71A7DF61FEBF7FB0050E834 /* Resources */,
			);
			buildRules = (
			);
			dependencies = (
				B71A7DFA1FEBF7FB0050E834 /* PBXTargetDependency */,
			);
			name = iOSModulesTests;
			productName = iOSModulesTests;
			productReference = B71A7DF81FEBF7FB0050E834 /* iOSModulesTests.xctest */;
			productType = "com.apple.product-type.bundle.unit-test";
		};
		B71A7E021FEBF7FB0050E834 /* iOSModulesUITests */ = {
			isa = PBXNativeTarget;
			buildConfigurationList = B71A7E121FEBF7FB0050E834 /* Build configuration list for PBXNativeTarget "iOSModulesUITests" */;
			buildPhases = (
				B71A7DFF1FEBF7FB0050E834 /* Sources */,
				B71A7E001FEBF7FB0050E834 /* Frameworks */,
				B71A7E011FEBF7FB0050E834 /* Resources */,
			);
			buildRules = (
			);
			dependencies = (
				B71A7E051FEBF7FB0050E834 /* PBXTargetDependency */,
			);
			name = iOSModulesUITests;
			productName = iOSModulesUITests;
			productReference = B71A7E031FEBF7FB0050E834 /* iOSModulesUITests.xctest */;
			productType = "com.apple.product-type.bundle.ui-testing";
		};
/* End PBXNativeTarget section */

/* Begin PBXProject section */
		B71A7DD51FEBF7FB0050E834 /* Project object */ = {
			isa = PBXProject;
			attributes = {
				LastUpgradeCheck = 0920;
				ORGANIZATIONNAME = "石城磊";
				TargetAttributes = {
					B71A7DDC1FEBF7FB0050E834 = {
						CreatedOnToolsVersion = 9.2;
						ProvisioningStyle = Automatic;
					};
					B71A7DF71FEBF7FB0050E834 = {
						CreatedOnToolsVersion = 9.2;
						ProvisioningStyle = Automatic;
						TestTargetID = B71A7DDC1FEBF7FB0050E834;
					};
					B71A7E021FEBF7FB0050E834 = {
						CreatedOnToolsVersion = 9.2;
						ProvisioningStyle = Automatic;
						TestTargetID = B71A7DDC1FEBF7FB0050E834;
					};
				};
			};
			buildConfigurationList = B71A7DD81FEBF7FB0050E834 /* Build configuration list for PBXProject "iOSModules" */;
			compatibilityVersion = "Xcode 8.0";
			developmentRegion = en;
			hasScannedForEncodings = 0;
			knownRegions = (
				en,
				Base,
			);
			mainGroup = B71A7DD41FEBF7FB0050E834;
			productRefGroup = B71A7DDE1FEBF7FB0050E834 /* Products */;
			projectDirPath = "";
			projectRoot = "";
			targets = (
				B71A7DDC1FEBF7FB0050E834 /* iOSModules */,
				B71A7DF71FEBF7FB0050E834 /* iOSModulesTests */,
				B71A7E021FEBF7FB0050E834 /* iOSModulesUITests */,
			);
		};
/* End PBXProject section */

/* Begin PBXResourcesBuildPhase section */
		B71A7DDB1FEBF7FB0050E834 /* Resources */ = {
			isa = PBXResourcesBuildPhase;
			buildActionMask = 2147483647;
			files = (
				B7381DD21FEE995E008F7F7A /* IMModuleItemTableViewCell.xib in Resources */,
				B71A7E211FEBF85C0050E834 /* Assets.xcassets in Resources */,
				B71A7E231FEBF85C0050E834 /* Main.storyboard in Resources */,
				B71A7E221FEBF85C0050E834 /* LaunchScreen.storyboard in Resources */,
				B7B266701FF1326300EDF3C4 /* IMModules.plist in Resources */,
				B786C7361FF769640017AA6C /* IMPhotoCollectionViewCell.xib in Resources */,
				B71A7E261FEBF85C0050E834 /* Info.plist in Resources */,
				B78720D91FF64A8F0005928C /* IMPhotoAlbumItemTableViewCell.xib in Resources */,
			);
			runOnlyForDeploymentPostprocessing = 0;
		};
		B71A7DF61FEBF7FB0050E834 /* Resources */ = {
			isa = PBXResourcesBuildPhase;
			buildActionMask = 2147483647;
			files = (
			);
			runOnlyForDeploymentPostprocessing = 0;
		};
		B71A7E011FEBF7FB0050E834 /* Resources */ = {
			isa = PBXResourcesBuildPhase;
			buildActionMask = 2147483647;
			files = (
			);
			runOnlyForDeploymentPostprocessing = 0;
		};
/* End PBXResourcesBuildPhase section */

/* Begin PBXSourcesBuildPhase section */
		B71A7DD91FEBF7FB0050E834 /* Sources */ = {
			isa = PBXSourcesBuildPhase;
			buildActionMask = 2147483647;
			files = (
				B78720CE1FF631EB0005928C /* IMPhotosManager.m in Sources */,
				B7B2666D1FF131CA00EDF3C4 /* IMModuleItemModel.m in Sources */,
				B71A7E241FEBF85C0050E834 /* main.m in Sources */,
				B787206B1FF525D00005928C /* IMPhotoPickerInitialViewController.m in Sources */,
				B71A7E251FEBF85C0050E834 /* AppDelegate.m in Sources */,
				B7381DC51FED501D008F7F7A /* IMPlistFileManager.m in Sources */,
				B78720651FF5223F0005928C /* IMBaseViewController.m in Sources */,
				B78720D41FF63FD70005928C /* IMPhotoAlbumsViewController.m in Sources */,
				B786C7351FF769640017AA6C /* IMPhotoCollectionViewCell.m in Sources */,
				B787206F1FF52F6F0005928C /* UIView+AddRoundBorder.m in Sources */,
				B71A7E271FEBF85C0050E834 /* iOSModules.xcdatamodeld in Sources */,
				B7B266E21FF3D75E00EDF3C4 /* NSArray+LoadFromPList.m in Sources */,
				B7381DD11FEE995E008F7F7A /* IMModuleItemTableViewCell.m in Sources */,
				B728F9071FFFBA6E007B903B /* IMPhoto.m in Sources */,
				B7B266EE1FF3E5A400EDF3C4 /* UIImage+RoundCorner.m in Sources */,
				B786C72E1FF6A0020017AA6C /* IMPhotoBrowseViewController.m in Sources */,
				B78720D81FF64A8F0005928C /* IMPhotoAlbumItemTableViewCell.m in Sources */,
				B7381DC01FED4E31008F7F7A /* IMHomeViewController.m in Sources */,
				B786C7311FF6AC7C0017AA6C /* UIImage+TranslucenceImage.m in Sources */,
				B786C7391FF7CEAC0017AA6C /* IMPhotosPreviewViewController.m in Sources */,
				B7B266E71FF3DA7000EDF3C4 /* IMConstantFile.m in Sources */,
			);
			runOnlyForDeploymentPostprocessing = 0;
		};
		B71A7DF41FEBF7FB0050E834 /* Sources */ = {
			isa = PBXSourcesBuildPhase;
			buildActionMask = 2147483647;
			files = (
				B71A7DFD1FEBF7FB0050E834 /* iOSModulesTests.m in Sources */,
			);
			runOnlyForDeploymentPostprocessing = 0;
		};
		B71A7DFF1FEBF7FB0050E834 /* Sources */ = {
			isa = PBXSourcesBuildPhase;
			buildActionMask = 2147483647;
			files = (
				B71A7E081FEBF7FB0050E834 /* iOSModulesUITests.m in Sources */,
			);
			runOnlyForDeploymentPostprocessing = 0;
		};
/* End PBXSourcesBuildPhase section */

/* Begin PBXTargetDependency section */
		B71A7DFA1FEBF7FB0050E834 /* PBXTargetDependency */ = {
			isa = PBXTargetDependency;
			target = B71A7DDC1FEBF7FB0050E834 /* iOSModules */;
			targetProxy = B71A7DF91FEBF7FB0050E834 /* PBXContainerItemProxy */;
		};
		B71A7E051FEBF7FB0050E834 /* PBXTargetDependency */ = {
			isa = PBXTargetDependency;
			target = B71A7DDC1FEBF7FB0050E834 /* iOSModules */;
			targetProxy = B71A7E041FEBF7FB0050E834 /* PBXContainerItemProxy */;
		};
/* End PBXTargetDependency section */

/* Begin PBXVariantGroup section */
		B71A7E181FEBF85C0050E834 /* LaunchScreen.storyboard */ = {
			isa = PBXVariantGroup;
			children = (
				B71A7E191FEBF85C0050E834 /* Base */,
			);
			name = LaunchScreen.storyboard;
			sourceTree = "<group>";
		};
		B71A7E1A1FEBF85C0050E834 /* Main.storyboard */ = {
			isa = PBXVariantGroup;
			children = (
				B71A7E1B1FEBF85C0050E834 /* Base */,
			);
			name = Main.storyboard;
			sourceTree = "<group>";
		};
/* End PBXVariantGroup section */

/* Begin XCBuildConfiguration section */
		B71A7E0A1FEBF7FB0050E834 /* Debug */ = {
			isa = XCBuildConfiguration;
			buildSettings = {
				ALWAYS_SEARCH_USER_PATHS = NO;
				CLANG_ANALYZER_NONNULL = YES;
				CLANG_ANALYZER_NUMBER_OBJECT_CONVERSION = YES_AGGRESSIVE;
				CLANG_CXX_LANGUAGE_STANDARD = "gnu++14";
				CLANG_CXX_LIBRARY = "libc++";
				CLANG_ENABLE_MODULES = YES;
				CLANG_ENABLE_OBJC_ARC = YES;
				CLANG_WARN_BLOCK_CAPTURE_AUTORELEASING = YES;
				CLANG_WARN_BOOL_CONVERSION = YES;
				CLANG_WARN_COMMA = YES;
				CLANG_WARN_CONSTANT_CONVERSION = YES;
				CLANG_WARN_DIRECT_OBJC_ISA_USAGE = YES_ERROR;
				CLANG_WARN_DOCUMENTATION_COMMENTS = YES;
				CLANG_WARN_EMPTY_BODY = YES;
				CLANG_WARN_ENUM_CONVERSION = YES;
				CLANG_WARN_INFINITE_RECURSION = YES;
				CLANG_WARN_INT_CONVERSION = YES;
				CLANG_WARN_NON_LITERAL_NULL_CONVERSION = YES;
				CLANG_WARN_OBJC_LITERAL_CONVERSION = YES;
				CLANG_WARN_OBJC_ROOT_CLASS = YES_ERROR;
				CLANG_WARN_RANGE_LOOP_ANALYSIS = YES;
				CLANG_WARN_STRICT_PROTOTYPES = YES;
				CLANG_WARN_SUSPICIOUS_MOVE = YES;
				CLANG_WARN_UNGUARDED_AVAILABILITY = YES_AGGRESSIVE;
				CLANG_WARN_UNREACHABLE_CODE = YES;
				CLANG_WARN__DUPLICATE_METHOD_MATCH = YES;
				CODE_SIGN_IDENTITY = "iPhone Developer";
				COPY_PHASE_STRIP = NO;
				DEBUG_INFORMATION_FORMAT = dwarf;
				ENABLE_STRICT_OBJC_MSGSEND = YES;
				ENABLE_TESTABILITY = YES;
				GCC_C_LANGUAGE_STANDARD = gnu11;
				GCC_DYNAMIC_NO_PIC = NO;
				GCC_NO_COMMON_BLOCKS = YES;
				GCC_OPTIMIZATION_LEVEL = 0;
				GCC_PREPROCESSOR_DEFINITIONS = (
					"DEBUG=1",
					"$(inherited)",
				);
				GCC_WARN_64_TO_32_BIT_CONVERSION = YES;
				GCC_WARN_ABOUT_RETURN_TYPE = YES_ERROR;
				GCC_WARN_UNDECLARED_SELECTOR = YES;
				GCC_WARN_UNINITIALIZED_AUTOS = YES_AGGRESSIVE;
				GCC_WARN_UNUSED_FUNCTION = YES;
				GCC_WARN_UNUSED_VARIABLE = YES;
				IPHONEOS_DEPLOYMENT_TARGET = 11.2;
				MTL_ENABLE_DEBUG_INFO = YES;
				ONLY_ACTIVE_ARCH = YES;
				SDKROOT = iphoneos;
			};
			name = Debug;
		};
		B71A7E0B1FEBF7FB0050E834 /* Release */ = {
			isa = XCBuildConfiguration;
			buildSettings = {
				ALWAYS_SEARCH_USER_PATHS = NO;
				CLANG_ANALYZER_NONNULL = YES;
				CLANG_ANALYZER_NUMBER_OBJECT_CONVERSION = YES_AGGRESSIVE;
				CLANG_CXX_LANGUAGE_STANDARD = "gnu++14";
				CLANG_CXX_LIBRARY = "libc++";
				CLANG_ENABLE_MODULES = YES;
				CLANG_ENABLE_OBJC_ARC = YES;
				CLANG_WARN_BLOCK_CAPTURE_AUTORELEASING = YES;
				CLANG_WARN_BOOL_CONVERSION = YES;
				CLANG_WARN_COMMA = YES;
				CLANG_WARN_CONSTANT_CONVERSION = YES;
				CLANG_WARN_DIRECT_OBJC_ISA_USAGE = YES_ERROR;
				CLANG_WARN_DOCUMENTATION_COMMENTS = YES;
				CLANG_WARN_EMPTY_BODY = YES;
				CLANG_WARN_ENUM_CONVERSION = YES;
				CLANG_WARN_INFINITE_RECURSION = YES;
				CLANG_WARN_INT_CONVERSION = YES;
				CLANG_WARN_NON_LITERAL_NULL_CONVERSION = YES;
				CLANG_WARN_OBJC_LITERAL_CONVERSION = YES;
				CLANG_WARN_OBJC_ROOT_CLASS = YES_ERROR;
				CLANG_WARN_RANGE_LOOP_ANALYSIS = YES;
				CLANG_WARN_STRICT_PROTOTYPES = YES;
				CLANG_WARN_SUSPICIOUS_MOVE = YES;
				CLANG_WARN_UNGUARDED_AVAILABILITY = YES_AGGRESSIVE;
				CLANG_WARN_UNREACHABLE_CODE = YES;
				CLANG_WARN__DUPLICATE_METHOD_MATCH = YES;
				CODE_SIGN_IDENTITY = "iPhone Developer";
				COPY_PHASE_STRIP = NO;
				DEBUG_INFORMATION_FORMAT = "dwarf-with-dsym";
				ENABLE_NS_ASSERTIONS = NO;
				ENABLE_STRICT_OBJC_MSGSEND = YES;
				GCC_C_LANGUAGE_STANDARD = gnu11;
				GCC_NO_COMMON_BLOCKS = YES;
				GCC_WARN_64_TO_32_BIT_CONVERSION = YES;
				GCC_WARN_ABOUT_RETURN_TYPE = YES_ERROR;
				GCC_WARN_UNDECLARED_SELECTOR = YES;
				GCC_WARN_UNINITIALIZED_AUTOS = YES_AGGRESSIVE;
				GCC_WARN_UNUSED_FUNCTION = YES;
				GCC_WARN_UNUSED_VARIABLE = YES;
				IPHONEOS_DEPLOYMENT_TARGET = 11.2;
				MTL_ENABLE_DEBUG_INFO = NO;
				SDKROOT = iphoneos;
				VALIDATE_PRODUCT = YES;
			};
			name = Release;
		};
		B71A7E0D1FEBF7FB0050E834 /* Debug */ = {
			isa = XCBuildConfiguration;
			buildSettings = {
				ASSETCATALOG_COMPILER_APPICON_NAME = AppIcon;
				"CODE_SIGN_IDENTITY[sdk=iphoneos*]" = "iPhone Developer";
				CODE_SIGN_STYLE = Automatic;
				DEVELOPMENT_TEAM = 6H7FG34BKU;
				GCC_PREFIX_HEADER = "${SRCROOT}/iOSModules/Modules/IMModules-PrefixHeader.pch";
				INFOPLIST_FILE = "$(SRCROOT)/iOSModules/DefaultFiles/Info.plist";
				IPHONEOS_DEPLOYMENT_TARGET = 10.0;
				LD_RUNPATH_SEARCH_PATHS = "$(inherited) @executable_path/Frameworks";
				PRODUCT_BUNDLE_IDENTIFIER = CodeLei.iOSModules;
				PRODUCT_NAME = "$(TARGET_NAME)";
				PROVISIONING_PROFILE_SPECIFIER = "";
				TARGETED_DEVICE_FAMILY = 1;
			};
			name = Debug;
		};
		B71A7E0E1FEBF7FB0050E834 /* Release */ = {
			isa = XCBuildConfiguration;
			buildSettings = {
				ASSETCATALOG_COMPILER_APPICON_NAME = AppIcon;
				"CODE_SIGN_IDENTITY[sdk=iphoneos*]" = "iPhone Developer";
				CODE_SIGN_STYLE = Automatic;
				DEVELOPMENT_TEAM = 6H7FG34BKU;
				GCC_PREFIX_HEADER = "${SRCROOT}/iOSModules/Modules/IMModules-PrefixHeader.pch";
				INFOPLIST_FILE = "$(SRCROOT)/iOSModules/DefaultFiles/Info.plist";
				IPHONEOS_DEPLOYMENT_TARGET = 10.0;
				LD_RUNPATH_SEARCH_PATHS = "$(inherited) @executable_path/Frameworks";
				PRODUCT_BUNDLE_IDENTIFIER = CodeLei.iOSModules;
				PRODUCT_NAME = "$(TARGET_NAME)";
				PROVISIONING_PROFILE_SPECIFIER = "";
				TARGETED_DEVICE_FAMILY = 1;
			};
			name = Release;
		};
		B71A7E101FEBF7FB0050E834 /* Debug */ = {
			isa = XCBuildConfiguration;
			buildSettings = {
				BUNDLE_LOADER = "$(TEST_HOST)";
				CODE_SIGN_STYLE = Automatic;
				INFOPLIST_FILE = iOSModulesTests/Info.plist;
				LD_RUNPATH_SEARCH_PATHS = "$(inherited) @executable_path/Frameworks @loader_path/Frameworks";
				PRODUCT_BUNDLE_IDENTIFIER = CodeLei.iOSModulesTests;
				PRODUCT_NAME = "$(TARGET_NAME)";
				TARGETED_DEVICE_FAMILY = "1,2";
				TEST_HOST = "$(BUILT_PRODUCTS_DIR)/iOSModules.app/iOSModules";
			};
			name = Debug;
		};
		B71A7E111FEBF7FB0050E834 /* Release */ = {
			isa = XCBuildConfiguration;
			buildSettings = {
				BUNDLE_LOADER = "$(TEST_HOST)";
				CODE_SIGN_STYLE = Automatic;
				INFOPLIST_FILE = iOSModulesTests/Info.plist;
				LD_RUNPATH_SEARCH_PATHS = "$(inherited) @executable_path/Frameworks @loader_path/Frameworks";
				PRODUCT_BUNDLE_IDENTIFIER = CodeLei.iOSModulesTests;
				PRODUCT_NAME = "$(TARGET_NAME)";
				TARGETED_DEVICE_FAMILY = "1,2";
				TEST_HOST = "$(BUILT_PRODUCTS_DIR)/iOSModules.app/iOSModules";
			};
			name = Release;
		};
		B71A7E131FEBF7FB0050E834 /* Debug */ = {
			isa = XCBuildConfiguration;
			buildSettings = {
				CODE_SIGN_STYLE = Automatic;
				INFOPLIST_FILE = iOSModulesUITests/Info.plist;
				LD_RUNPATH_SEARCH_PATHS = "$(inherited) @executable_path/Frameworks @loader_path/Frameworks";
				PRODUCT_BUNDLE_IDENTIFIER = CodeLei.iOSModulesUITests;
				PRODUCT_NAME = "$(TARGET_NAME)";
				TARGETED_DEVICE_FAMILY = "1,2";
				TEST_TARGET_NAME = iOSModules;
			};
			name = Debug;
		};
		B71A7E141FEBF7FB0050E834 /* Release */ = {
			isa = XCBuildConfiguration;
			buildSettings = {
				CODE_SIGN_STYLE = Automatic;
				INFOPLIST_FILE = iOSModulesUITests/Info.plist;
				LD_RUNPATH_SEARCH_PATHS = "$(inherited) @executable_path/Frameworks @loader_path/Frameworks";
				PRODUCT_BUNDLE_IDENTIFIER = CodeLei.iOSModulesUITests;
				PRODUCT_NAME = "$(TARGET_NAME)";
				TARGETED_DEVICE_FAMILY = "1,2";
				TEST_TARGET_NAME = iOSModules;
			};
			name = Release;
		};
/* End XCBuildConfiguration section */

/* Begin XCConfigurationList section */
		B71A7DD81FEBF7FB0050E834 /* Build configuration list for PBXProject "iOSModules" */ = {
			isa = XCConfigurationList;
			buildConfigurations = (
				B71A7E0A1FEBF7FB0050E834 /* Debug */,
				B71A7E0B1FEBF7FB0050E834 /* Release */,
			);
			defaultConfigurationIsVisible = 0;
			defaultConfigurationName = Release;
		};
		B71A7E0C1FEBF7FB0050E834 /* Build configuration list for PBXNativeTarget "iOSModules" */ = {
			isa = XCConfigurationList;
			buildConfigurations = (
				B71A7E0D1FEBF7FB0050E834 /* Debug */,
				B71A7E0E1FEBF7FB0050E834 /* Release */,
			);
			defaultConfigurationIsVisible = 0;
			defaultConfigurationName = Release;
		};
		B71A7E0F1FEBF7FB0050E834 /* Build configuration list for PBXNativeTarget "iOSModulesTests" */ = {
			isa = XCConfigurationList;
			buildConfigurations = (
				B71A7E101FEBF7FB0050E834 /* Debug */,
				B71A7E111FEBF7FB0050E834 /* Release */,
			);
			defaultConfigurationIsVisible = 0;
			defaultConfigurationName = Release;
		};
		B71A7E121FEBF7FB0050E834 /* Build configuration list for PBXNativeTarget "iOSModulesUITests" */ = {
			isa = XCConfigurationList;
			buildConfigurations = (
				B71A7E131FEBF7FB0050E834 /* Debug */,
				B71A7E141FEBF7FB0050E834 /* Release */,
			);
			defaultConfigurationIsVisible = 0;
			defaultConfigurationName = Release;
		};
/* End XCConfigurationList section */

/* Begin XCVersionGroup section */
		B71A7E1F1FEBF85C0050E834 /* iOSModules.xcdatamodeld */ = {
			isa = XCVersionGroup;
			children = (
				B71A7E201FEBF85C0050E834 /* iOSModules.xcdatamodel */,
			);
			currentVersion = B71A7E201FEBF85C0050E834 /* iOSModules.xcdatamodel */;
			path = iOSModules.xcdatamodeld;
			sourceTree = "<group>";
			versionGroupType = wrapper.xcdatamodel;
		};
/* End XCVersionGroup section */
	};
	rootObject = B71A7DD51FEBF7FB0050E834 /* Project object */;
}
